# This file is automatically @generated by Cargo.
# It is not intended for manual editing.
version = 4

[[package]]
name = "lambda_calculus"
version = "3.4.0"
source = "git+https://github.com/awesome-lambda-calculus/lambda_calculus_rust?branch=fokker_challenge#3013692786a4bbc3a1691f0cdccecb41f5aca5c3"

[[package]]
name = "rust-scripts"
version = "0.1.0"
dependencies = [
 "lambda_calculus",
]
